#MicroXplorer Configuration settings - do not modify
ADC1.Channel-0\#ChannelRegularConversion=ADC_CHANNEL_5
ADC1.IPParameters=Rank-0\#ChannelRegularConversion,Channel-0\#ChannelRegularConversion,SamplingTime-0\#ChannelRegularConversion,OffsetNumber-0\#ChannelRegularConversion,NbrOfConversionFlag,master
ADC1.NbrOfConversionFlag=1
ADC1.OffsetNumber-0\#ChannelRegularConversion=ADC_OFFSET_NONE
ADC1.Rank-0\#ChannelRegularConversion=1
ADC1.SamplingTime-0\#ChannelRegularConversion=ADC_SAMPLETIME_2CYCLES_5
ADC1.master=1
CAN1.BS1=CAN_BS1_5TQ
CAN1.BS2=CAN_BS2_4TQ
CAN1.CalculateTimeBit=1200
CAN1.CalculateTimeQuantum=100.0
CAN1.IPParameters=CalculateTimeQuantum,CalculateTimeBit,BS1,BS2,Prescaler
CAN1.Prescaler=8
Dma.I2C1_RX.8.Direction=DMA_PERIPH_TO_MEMORY
Dma.I2C1_RX.8.Instance=DMA1_Channel7
Dma.I2C1_RX.8.MemDataAlignment=DMA_MDATAALIGN_BYTE
Dma.I2C1_RX.8.MemInc=DMA_MINC_ENABLE
Dma.I2C1_RX.8.Mode=DMA_NORMAL
Dma.I2C1_RX.8.PeriphDataAlignment=DMA_PDATAALIGN_BYTE
Dma.I2C1_RX.8.PeriphInc=DMA_PINC_DISABLE
Dma.I2C1_RX.8.Priority=DMA_PRIORITY_LOW
Dma.I2C1_RX.8.RequestParameters=Instance,Direction,PeriphInc,MemInc,PeriphDataAlignment,MemDataAlignment,Mode,Priority
Dma.I2C1_TX.7.Direction=DMA_MEMORY_TO_PERIPH
Dma.I2C1_TX.7.Instance=DMA1_Channel6
Dma.I2C1_TX.7.MemDataAlignment=DMA_MDATAALIGN_BYTE
Dma.I2C1_TX.7.MemInc=DMA_MINC_ENABLE
Dma.I2C1_TX.7.Mode=DMA_NORMAL
Dma.I2C1_TX.7.PeriphDataAlignment=DMA_PDATAALIGN_BYTE
Dma.I2C1_TX.7.PeriphInc=DMA_PINC_DISABLE
Dma.I2C1_TX.7.Priority=DMA_PRIORITY_LOW
Dma.I2C1_TX.7.RequestParameters=Instance,Direction,PeriphInc,MemInc,PeriphDataAlignment,MemDataAlignment,Mode,Priority
Dma.I2C2_RX.0.Direction=DMA_PERIPH_TO_MEMORY
Dma.I2C2_RX.0.Instance=DMA1_Channel5
Dma.I2C2_RX.0.MemDataAlignment=DMA_MDATAALIGN_BYTE
Dma.I2C2_RX.0.MemInc=DMA_MINC_ENABLE
Dma.I2C2_RX.0.Mode=DMA_NORMAL
Dma.I2C2_RX.0.PeriphDataAlignment=DMA_PDATAALIGN_BYTE
Dma.I2C2_RX.0.PeriphInc=DMA_PINC_DISABLE
Dma.I2C2_RX.0.Priority=DMA_PRIORITY_LOW
Dma.I2C2_RX.0.RequestParameters=Instance,Direction,PeriphInc,MemInc,PeriphDataAlignment,MemDataAlignment,Mode,Priority
Dma.I2C2_TX.1.Direction=DMA_MEMORY_TO_PERIPH
Dma.I2C2_TX.1.Instance=DMA1_Channel4
Dma.I2C2_TX.1.MemDataAlignment=DMA_MDATAALIGN_BYTE
Dma.I2C2_TX.1.MemInc=DMA_MINC_ENABLE
Dma.I2C2_TX.1.Mode=DMA_NORMAL
Dma.I2C2_TX.1.PeriphDataAlignment=DMA_PDATAALIGN_BYTE
Dma.I2C2_TX.1.PeriphInc=DMA_PINC_DISABLE
Dma.I2C2_TX.1.Priority=DMA_PRIORITY_LOW
Dma.I2C2_TX.1.RequestParameters=Instance,Direction,PeriphInc,MemInc,PeriphDataAlignment,MemDataAlignment,Mode,Priority
Dma.I2C3_RX.2.Direction=DMA_PERIPH_TO_MEMORY
Dma.I2C3_RX.2.Instance=DMA1_Channel3
Dma.I2C3_RX.2.MemDataAlignment=DMA_MDATAALIGN_BYTE
Dma.I2C3_RX.2.MemInc=DMA_MINC_ENABLE
Dma.I2C3_RX.2.Mode=DMA_NORMAL
Dma.I2C3_RX.2.PeriphDataAlignment=DMA_PDATAALIGN_BYTE
Dma.I2C3_RX.2.PeriphInc=DMA_PINC_DISABLE
Dma.I2C3_RX.2.Priority=DMA_PRIORITY_LOW
Dma.I2C3_RX.2.RequestParameters=Instance,Direction,PeriphInc,MemInc,PeriphDataAlignment,MemDataAlignment,Mode,Priority
Dma.I2C3_TX.3.Direction=DMA_MEMORY_TO_PERIPH
Dma.I2C3_TX.3.Instance=DMA1_Channel2
Dma.I2C3_TX.3.MemDataAlignment=DMA_MDATAALIGN_BYTE
Dma.I2C3_TX.3.MemInc=DMA_MINC_ENABLE
Dma.I2C3_TX.3.Mode=DMA_NORMAL
Dma.I2C3_TX.3.PeriphDataAlignment=DMA_PDATAALIGN_BYTE
Dma.I2C3_TX.3.PeriphInc=DMA_PINC_DISABLE
Dma.I2C3_TX.3.Priority=DMA_PRIORITY_LOW
Dma.I2C3_TX.3.RequestParameters=Instance,Direction,PeriphInc,MemInc,PeriphDataAlignment,MemDataAlignment,Mode,Priority
Dma.I2C4_RX.4.Direction=DMA_PERIPH_TO_MEMORY
Dma.I2C4_RX.4.Instance=DMA2_Channel1
Dma.I2C4_RX.4.MemDataAlignment=DMA_MDATAALIGN_BYTE
Dma.I2C4_RX.4.MemInc=DMA_MINC_ENABLE
Dma.I2C4_RX.4.Mode=DMA_NORMAL
Dma.I2C4_RX.4.PeriphDataAlignment=DMA_PDATAALIGN_BYTE
Dma.I2C4_RX.4.PeriphInc=DMA_PINC_DISABLE
Dma.I2C4_RX.4.Priority=DMA_PRIORITY_LOW
Dma.I2C4_RX.4.RequestParameters=Instance,Direction,PeriphInc,MemInc,PeriphDataAlignment,MemDataAlignment,Mode,Priority
Dma.I2C4_TX.5.Direction=DMA_MEMORY_TO_PERIPH
Dma.I2C4_TX.5.Instance=DMA2_Channel2
Dma.I2C4_TX.5.MemDataAlignment=DMA_MDATAALIGN_BYTE
Dma.I2C4_TX.5.MemInc=DMA_MINC_ENABLE
Dma.I2C4_TX.5.Mode=DMA_NORMAL
Dma.I2C4_TX.5.PeriphDataAlignment=DMA_PDATAALIGN_BYTE
Dma.I2C4_TX.5.PeriphInc=DMA_PINC_DISABLE
Dma.I2C4_TX.5.Priority=DMA_PRIORITY_LOW
Dma.I2C4_TX.5.RequestParameters=Instance,Direction,PeriphInc,MemInc,PeriphDataAlignment,MemDataAlignment,Mode,Priority
Dma.Request0=I2C2_RX
Dma.Request1=I2C2_TX
Dma.Request2=I2C3_RX
Dma.Request3=I2C3_TX
Dma.Request4=I2C4_RX
Dma.Request5=I2C4_TX
Dma.Request6=SPI1_TX
Dma.Request7=I2C1_TX
Dma.Request8=I2C1_RX
Dma.RequestsNb=9
Dma.SPI1_TX.6.Direction=DMA_MEMORY_TO_PERIPH
Dma.SPI1_TX.6.Instance=DMA2_Channel4
Dma.SPI1_TX.6.MemDataAlignment=DMA_MDATAALIGN_BYTE
Dma.SPI1_TX.6.MemInc=DMA_MINC_ENABLE
Dma.SPI1_TX.6.Mode=DMA_NORMAL
Dma.SPI1_TX.6.PeriphDataAlignment=DMA_PDATAALIGN_BYTE
Dma.SPI1_TX.6.PeriphInc=DMA_PINC_DISABLE
Dma.SPI1_TX.6.Priority=DMA_PRIORITY_LOW
Dma.SPI1_TX.6.RequestParameters=Instance,Direction,PeriphInc,MemInc,PeriphDataAlignment,MemDataAlignment,Mode,Priority
File.Version=6
I2C1.I2C_Speed_Mode=I2C_Standard
I2C1.IPParameters=I2C_Speed_Mode
I2C2.I2C_Speed_Mode=I2C_Standard
I2C2.IPParameters=I2C_Speed_Mode,Timing
I2C2.Timing=0x10909CEC
I2C3.I2C_Speed_Mode=I2C_Fast
I2C3.IPParameters=I2C_Speed_Mode,Timing
I2C3.Timing=0x00702991
I2C4.I2C_Speed_Mode=I2C_Fast
I2C4.IPParameters=I2C_Speed_Mode,Timing
I2C4.Timing=0x00702991
KeepUserPlacement=true
Mcu.Family=STM32L4
Mcu.IP0=ADC1
Mcu.IP1=CAN1
Mcu.IP10=SPI1
Mcu.IP11=SPI2
Mcu.IP12=SYS
Mcu.IP13=TIM2
Mcu.IP14=TIM6
Mcu.IP15=TIM16
Mcu.IP16=USB
Mcu.IP17=USB_DEVICE
Mcu.IP2=DMA
Mcu.IP3=I2C1
Mcu.IP4=I2C2
Mcu.IP5=I2C3
Mcu.IP6=I2C4
Mcu.IP7=NVIC
Mcu.IP8=RCC
Mcu.IP9=RNG
Mcu.IPNb=18
Mcu.Name=STM32L452C(C-E)Ux
Mcu.Package=UFQFPN48
Mcu.Pin0=PC13
Mcu.Pin1=PC14-OSC32_IN (PC14)
Mcu.Pin10=PA5
Mcu.Pin11=PA6
Mcu.Pin12=PA7
Mcu.Pin13=PB0
Mcu.Pin14=PB1
Mcu.Pin15=PB2
Mcu.Pin16=PB10
Mcu.Pin17=PB11
Mcu.Pin18=PB12
Mcu.Pin19=PB13
Mcu.Pin2=PC15-OSC32_OUT (PC15)
Mcu.Pin20=PB14
Mcu.Pin21=PB15
Mcu.Pin22=PA8
Mcu.Pin23=PA9
Mcu.Pin24=PA10
Mcu.Pin25=PA11
Mcu.Pin26=PA12
Mcu.Pin27=PA13 (JTMS/SWDIO)
Mcu.Pin28=PA14 (JTCK/SWCLK)
Mcu.Pin29=PA15 (JTDI)
Mcu.Pin3=PH0-OSC_IN (PH0)
Mcu.Pin30=PB3 (JTDO/TRACESWO)
Mcu.Pin31=PB4 (NJTRST)
Mcu.Pin32=PB5
Mcu.Pin33=PB6
Mcu.Pin34=PB7
Mcu.Pin35=PB8
Mcu.Pin36=PB9
Mcu.Pin37=VP_RNG_VS_RNG
Mcu.Pin38=VP_SYS_VS_Systick
Mcu.Pin39=VP_TIM6_VS_ClockSourceINT
Mcu.Pin4=PH1-OSC_OUT (PH1)
Mcu.Pin40=VP_TIM16_VS_ClockSourceINT
Mcu.Pin41=VP_USB_DEVICE_VS_USB_DEVICE_CDC_FS
Mcu.Pin5=PA0
Mcu.Pin6=PA1
Mcu.Pin7=PA2
Mcu.Pin8=PA3
Mcu.Pin9=PA4
Mcu.PinsNb=42
Mcu.ThirdParty0=STMicroelectronics.BlueNRG-MS.1.0.0
Mcu.ThirdPartyNb=1
Mcu.UserConstants=
Mcu.UserName=STM32L452CEUx
MxCube.Version=4.26.0
MxDb.Version=DB.4.0.260
NVIC.BusFault_IRQn=true\:0\:0\:false\:false\:true\:true
NVIC.CAN1_RX0_IRQn=true\:0\:0\:false\:false\:true\:true
NVIC.CAN1_RX1_IRQn=true\:0\:0\:false\:false\:true\:true
NVIC.CAN1_TX_IRQn=true\:0\:0\:false\:false\:true\:true
NVIC.DMA1_Channel2_IRQn=true\:0\:0\:false\:false\:true\:true
NVIC.DMA1_Channel3_IRQn=true\:0\:0\:false\:false\:true\:true
NVIC.DMA1_Channel4_IRQn=true\:0\:0\:false\:false\:true\:true
NVIC.DMA1_Channel5_IRQn=true\:0\:0\:false\:false\:true\:true
NVIC.DMA1_Channel6_IRQn=true\:0\:0\:false\:false\:true\:true
NVIC.DMA1_Channel7_IRQn=true\:0\:0\:false\:false\:true\:true
NVIC.DMA2_Channel1_IRQn=true\:0\:0\:false\:false\:true\:true
NVIC.DMA2_Channel2_IRQn=true\:0\:0\:false\:false\:true\:true
NVIC.DMA2_Channel4_IRQn=true\:0\:0\:false\:false\:true\:true
NVIC.DebugMonitor_IRQn=true\:0\:0\:false\:false\:true\:true
NVIC.HardFault_IRQn=true\:0\:0\:false\:false\:true\:true
NVIC.I2C1_ER_IRQn=true\:0\:0\:false\:false\:true\:true
NVIC.I2C1_EV_IRQn=true\:0\:0\:false\:false\:true\:true
NVIC.I2C2_ER_IRQn=true\:0\:0\:false\:false\:true\:true
NVIC.I2C2_EV_IRQn=true\:0\:0\:false\:false\:true\:true
NVIC.MemoryManagement_IRQn=true\:0\:0\:false\:false\:true\:true
NVIC.NonMaskableInt_IRQn=true\:0\:0\:false\:false\:true\:true
NVIC.PendSV_IRQn=true\:0\:0\:false\:false\:true\:true
NVIC.PriorityGroup=NVIC_PRIORITYGROUP_4
NVIC.SPI1_IRQn=true\:0\:0\:false\:false\:true\:true
NVIC.SVCall_IRQn=true\:0\:0\:false\:false\:true\:true
NVIC.SysTick_IRQn=true\:0\:0\:false\:false\:true\:true
NVIC.TIM1_UP_TIM16_IRQn=true\:0\:0\:false\:false\:true\:true
NVIC.TIM6_DAC_IRQn=true\:0\:0\:false\:false\:true\:true
NVIC.USB_IRQn=true\:0\:0\:false\:false\:true\:true
NVIC.UsageFault_IRQn=true\:0\:0\:false\:false\:true\:true
PA0.GPIOParameters=GPIO_Label
PA0.GPIO_Label=GPIO_ADC
PA0.Locked=true
PA0.Signal=ADCx_IN5
PA1.GPIOParameters=GPIO_PuPd
PA1.GPIO_PuPd=GPIO_PULLUP
PA1.Mode=Full_Duplex_Master
PA1.Signal=SPI1_SCK
PA10.Mode=I2C
PA10.Signal=I2C1_SDA
PA11.Mode=Device
PA11.Signal=USB_DM
PA12.Mode=Device
PA12.Signal=USB_DP
PA13\ (JTMS/SWDIO).Mode=Serial_Wire
PA13\ (JTMS/SWDIO).Signal=SYS_JTMS-SWDIO
PA14\ (JTCK/SWCLK).Mode=Serial_Wire
PA14\ (JTCK/SWCLK).Signal=SYS_JTCK-SWCLK
PA15\ (JTDI).GPIOParameters=GPIO_Label
PA15\ (JTDI).GPIO_Label=MPU9250_AD0
PA15\ (JTDI).Locked=true
PA15\ (JTDI).Signal=GPIO_Output
PA2.GPIOParameters=GPIO_Label
PA2.GPIO_Label=CAN_SHDN
PA2.Locked=true
PA2.Signal=GPIO_Output
PA3.GPIOParameters=GPIO_Label
PA3.GPIO_Label=CAN_STB
PA3.Locked=true
PA3.Signal=GPIO_Output
PA4.GPIOParameters=GPIO_PuPd
PA4.GPIO_PuPd=GPIO_PULLUP
PA4.Mode=NSS_Signal_Hard_Input
PA4.Signal=SPI1_NSS
PA5.GPIOParameters=GPIO_Label
PA5.GPIO_Label=PWM_SERVO
PA5.Locked=true
PA5.Signal=S_TIM2_CH1
PA6.GPIOParameters=GPIO_PuPd
PA6.GPIO_PuPd=GPIO_PULLUP
PA6.Mode=Full_Duplex_Master
PA6.Signal=SPI1_MISO
PA7.Mode=I2C
PA7.Signal=I2C3_SCL
PA8.GPIOParameters=GPIO_Label
PA8.GPIO_Label=EN_5V
PA8.Locked=true
PA8.Signal=GPIO_Output
PA9.Mode=I2C
PA9.Signal=I2C1_SCL
PB0.GPIOParameters=GPIO_Label
PB0.GPIO_Label=LED_BLUE
PB0.Locked=true
PB0.Signal=GPIO_Output
PB1.GPIOParameters=GPIO_Label
PB1.GPIO_Label=IMU_SYNC
PB1.Locked=true
PB1.Signal=GPIO_Output
PB10.Mode=I2C
PB10.Signal=I2C2_SCL
PB11.Mode=I2C
PB11.Signal=I2C2_SDA
PB12.Mode=NSS_Signal_Hard_Output
PB12.Signal=SPI2_NSS
PB13.Mode=Full_Duplex_Master
PB13.Signal=SPI2_SCK
PB14.Mode=Full_Duplex_Master
PB14.Signal=SPI2_MISO
PB15.Mode=Full_Duplex_Master
PB15.Signal=SPI2_MOSI
PB2.GPIOParameters=GPIO_Label
PB2.GPIO_Label=MPU9250_INT
PB2.Locked=true
PB2.Signal=GPXTI2
PB3\ (JTDO/TRACESWO).GPIOParameters=GPIO_Label
PB3\ (JTDO/TRACESWO).GPIO_Label=PGOOD_5V
PB3\ (JTDO/TRACESWO).Locked=true
PB3\ (JTDO/TRACESWO).Signal=GPIO_Input
PB4\ (NJTRST).Mode=I2C
PB4\ (NJTRST).Signal=I2C3_SDA
PB5.GPIOParameters=GPIO_PuPd
PB5.GPIO_PuPd=GPIO_PULLUP
PB5.Mode=Full_Duplex_Master
PB5.Signal=SPI1_MOSI
PB6.Mode=I2C
PB6.Signal=I2C4_SCL
PB7.Mode=I2C
PB7.Signal=I2C4_SDA
PB8.Mode=Master
PB8.Signal=CAN1_RX
PB9.Mode=Master
PB9.Signal=CAN1_TX
PC13.GPIOParameters=GPIO_Label
PC13.GPIO_Label=BNO055_INT
PC13.Locked=true
PC13.Signal=GPXTI13
PC14-OSC32_IN\ (PC14).GPIOParameters=GPIO_Label
PC14-OSC32_IN\ (PC14).GPIO_Label=BNO055_BOOT
PC14-OSC32_IN\ (PC14).Locked=true
PC14-OSC32_IN\ (PC14).Signal=GPIO_Output
PC15-OSC32_OUT\ (PC15).GPIOParameters=GPIO_Label
PC15-OSC32_OUT\ (PC15).GPIO_Label=BNO055_RESET
PC15-OSC32_OUT\ (PC15).Locked=true
PC15-OSC32_OUT\ (PC15).Signal=GPIO_Output
PCC.Checker=true
PCC.Line=STM32L4x2
PCC.MCU=STM32L452C(C-E)Ux
PCC.PartNumber=STM32L452CEUx
PCC.Seq0=0
PCC.Series=STM32L4
PCC.Temperature=25
PCC.Vdd=3.0
PH0-OSC_IN\ (PH0).Mode=HSE-External-Oscillator
PH0-OSC_IN\ (PH0).Signal=RCC_OSC_IN
PH1-OSC_OUT\ (PH1).Mode=HSE-External-Oscillator
PH1-OSC_OUT\ (PH1).Signal=RCC_OSC_OUT
PinOutPanel.RotationAngle=0
ProjectManager.AskForMigrate=true
ProjectManager.BackupPrevious=false
ProjectManager.CompilerOptimize=3
ProjectManager.ComputerToolchain=false
ProjectManager.CoupleFile=true
ProjectManager.CustomerFirmwarePackage=
ProjectManager.DefaultFWLocation=false
ProjectManager.DeletePrevious=true
ProjectManager.DeviceId=STM32L452CEUx
ProjectManager.FirmwarePackage=STM32Cube FW_L4 V1.12.0
ProjectManager.FreePins=true
ProjectManager.HalAssertFull=true
ProjectManager.HeapSize=0x200
ProjectManager.KeepUserCode=true
ProjectManager.LastFirmware=true
ProjectManager.LibraryCopy=0
ProjectManager.MainLocation=Src
ProjectManager.PreviousToolchain=
ProjectManager.ProjectBuild=false
ProjectManager.ProjectFileName=RFE_MASTER.ioc
ProjectManager.ProjectName=RFE_MASTER
ProjectManager.StackSize=0x400
ProjectManager.TargetToolchain=MDK-ARM V5
ProjectManager.ToolChainLocation=
ProjectManager.UnderRoot=false
ProjectManager.functionlistsort=1-MX_GPIO_Init-GPIO-false-HAL-true,2-MX_DMA_Init-DMA-false-HAL-true,3-SystemClock_Config-RCC-false-HAL-false,4-MX_ADC1_Init-ADC1-false-HAL-true,5-MX_CAN1_Init-CAN1-false-HAL-true,6-MX_I2C1_Init-I2C1-false-HAL-true,7-MX_I2C2_Init-I2C2-false-HAL-true,8-MX_I2C3_Init-I2C3-false-HAL-true,9-MX_I2C4_Init-I2C4-false-HAL-true,10-MX_SPI1_Init-SPI1-false-HAL-true,11-MX_SPI2_Init-SPI2-false-HAL-true,12-MX_TIM2_Init-TIM2-false-HAL-true,13-MX_USB_DEVICE_Init-USB_DEVICE-false-HAL-true,14-MX_TIM6_Init-TIM6-false-HAL-true,15-MX_TIM16_Init-TIM16-false-HAL-true,16-MX_RNG_Init-RNG-false-HAL-true
RCC.ADCFreq_Value=48000000
RCC.AHBFreq_Value=80000000
RCC.APB1Freq_Value=80000000
RCC.APB1TimFreq_Value=80000000
RCC.APB2Freq_Value=80000000
RCC.APB2TimFreq_Value=80000000
RCC.CortexFreq_Value=80000000
RCC.DFSDMFreq_Value=80000000
RCC.FCLKCortexFreq_Value=80000000
RCC.FamilyName=M
RCC.HCLKFreq_Value=80000000
RCC.HSE_VALUE=16000000
RCC.HSI48_VALUE=48000000
RCC.HSI_VALUE=16000000
RCC.I2C1Freq_Value=80000000
RCC.I2C2Freq_Value=80000000
RCC.I2C3Freq_Value=80000000
RCC.I2C4Freq_Value=80000000
RCC.IPParameters=ADCFreq_Value,AHBFreq_Value,APB1Freq_Value,APB1TimFreq_Value,APB2Freq_Value,APB2TimFreq_Value,CortexFreq_Value,DFSDMFreq_Value,FCLKCortexFreq_Value,FamilyName,HCLKFreq_Value,HSE_VALUE,HSI48_VALUE,HSI_VALUE,I2C1Freq_Value,I2C2Freq_Value,I2C3Freq_Value,I2C4Freq_Value,LPTIM1Freq_Value,LPTIM2Freq_Value,LPUART1Freq_Value,LSCOPinFreq_Value,LSE_VALUE,LSI_VALUE,MCO1PinFreq_Value,MSI_VALUE,PLLN,PLLPoutputFreq_Value,PLLQoutputFreq_Value,PLLRCLKFreq_Value,PLLSAI1N,PLLSAI1PoutputFreq_Value,PLLSAI1Q,PLLSAI1QoutputFreq_Value,PLLSAI1R,PLLSAI1RoutputFreq_Value,PLLSourceVirtual,PWRFreq_Value,RNGFreq_Value,SAI1Freq_Value,SYSCLKFreq_VALUE,SYSCLKSource,UART4Freq_Value,USART1Freq_Value,USART2Freq_Value,USART3Freq_Value,USBFreq_Value,VCOInputFreq_Value,VCOOutputFreq_Value,VCOSAI1OutputFreq_Value
RCC.LPTIM1Freq_Value=80000000
RCC.LPTIM2Freq_Value=80000000
RCC.LPUART1Freq_Value=80000000
RCC.LSCOPinFreq_Value=32000
RCC.LSE_VALUE=32768
RCC.LSI_VALUE=32000
RCC.MCO1PinFreq_Value=80000000
RCC.MSI_VALUE=4000000
RCC.PLLN=10
RCC.PLLPoutputFreq_Value=22857142.85714286
RCC.PLLQoutputFreq_Value=80000000
RCC.PLLRCLKFreq_Value=80000000
RCC.PLLSAI1N=12
RCC.PLLSAI1PoutputFreq_Value=27428571.42857143
RCC.PLLSAI1Q=RCC_PLLQ_DIV4
RCC.PLLSAI1QoutputFreq_Value=48000000
RCC.PLLSAI1R=RCC_PLLR_DIV4
RCC.PLLSAI1RoutputFreq_Value=48000000
RCC.PLLSourceVirtual=RCC_PLLSOURCE_HSE
RCC.PWRFreq_Value=80000000
RCC.RNGFreq_Value=48000000
RCC.SAI1Freq_Value=27428571.42857143
RCC.SYSCLKFreq_VALUE=80000000
RCC.SYSCLKSource=RCC_SYSCLKSOURCE_PLLCLK
RCC.UART4Freq_Value=80000000
RCC.USART1Freq_Value=80000000
RCC.USART2Freq_Value=80000000
RCC.USART3Freq_Value=80000000
RCC.USBFreq_Value=48000000
RCC.VCOInputFreq_Value=16000000
RCC.VCOOutputFreq_Value=160000000
RCC.VCOSAI1OutputFreq_Value=192000000
SH.ADCx_IN5.0=ADC1_IN5,IN5-Single-Ended
SH.ADCx_IN5.ConfNb=1
SH.GPXTI13.0=GPIO_EXTI13
SH.GPXTI13.ConfNb=1
SH.GPXTI2.0=GPIO_EXTI2
SH.GPXTI2.ConfNb=1
SH.S_TIM2_CH1.0=TIM2_CH1,PWM Generation1 CH1
SH.S_TIM2_CH1.ConfNb=1
SPI1.BaudRatePrescaler=SPI_BAUDRATEPRESCALER_32
SPI1.CLKPhase=SPI_PHASE_2EDGE
SPI1.CLKPolarity=SPI_POLARITY_HIGH
SPI1.CalculateBaudRate=2.5 MBits/s
SPI1.DataSize=SPI_DATASIZE_8BIT
SPI1.Direction=SPI_DIRECTION_2LINES
SPI1.IPParameters=VirtualType,Mode,Direction,CalculateBaudRate,VirtualNSS,DataSize,BaudRatePrescaler,CLKPolarity,CLKPhase
SPI1.Mode=SPI_MODE_MASTER
SPI1.VirtualNSS=VM_NSSHARD
SPI1.VirtualType=VM_MASTER
SPI2.BaudRatePrescaler=SPI_BAUDRATEPRESCALER_2
SPI2.CalculateBaudRate=40.0 MBits/s
SPI2.Direction=SPI_DIRECTION_2LINES
SPI2.IPParameters=VirtualType,Mode,Direction,CalculateBaudRate,VirtualNSS,BaudRatePrescaler
SPI2.Mode=SPI_MODE_MASTER
SPI2.VirtualNSS=VM_NSSHARD
SPI2.VirtualType=VM_MASTER
STMicroelectronics.BlueNRG-MS.1.0.0.ApplicationCcWirelessJjApplication=false
STMicroelectronics.BlueNRG-MS.1.0.0.IPParameters=ApplicationCcWirelessJjApplication
STMicroelectronics.BlueNRG-MS.1.0.0.WirelessJjApplication.apiComponent0=Wireless\:HCI_TL
STMicroelectronics.BlueNRG-MS.1.0.0.WirelessJjApplication.apiComponent1=Wireless\:HCI_TL
STMicroelectronics.BlueNRG-MS.1.0.0.WirelessJjApplication.apiComponent2=Wireless\:HCI_TL_INTERFACE
STMicroelectronics.BlueNRG-MS.1.0.0.WirelessJjApplication.apiComponent3=Wireless\:HCI_TL_INTERFACE
STMicroelectronics.BlueNRG-MS.1.0.0.WirelessJjApplication.apiDoc0=Middlewares/ST/BlueNRG-MS/includes/hci.h
STMicroelectronics.BlueNRG-MS.1.0.0.WirelessJjApplication.apiDoc1=Middlewares/ST/BlueNRG-MS/doc/BlueNRG-MS_UserManual.chm
STMicroelectronics.BlueNRG-MS.1.0.0.WirelessJjApplication.apiDoc2=Middlewares/ST/BlueNRG-MS/hci/hci_tl_patterns/Template/hci_tl_interface.h
STMicroelectronics.BlueNRG-MS.1.0.0.WirelessJjApplication.apiDoc3=Middlewares/ST/BlueNRG-MS/doc/BlueNRG-MS_UserManual.chm
STMicroelectronics.BlueNRG-MS.1.0.0.WirelessJjApplication.cmp_version0=0.0.2
STMicroelectronics.BlueNRG-MS.1.0.0.WirelessJjApplication.cmp_version1=0.0.2
STMicroelectronics.BlueNRG-MS.1.0.0.WirelessJjApplication.component0=Wireless
STMicroelectronics.BlueNRG-MS.1.0.0.WirelessJjApplication.component1=Wireless
STMicroelectronics.BlueNRG-MS.1.0.0.WirelessJjApplication.componentDoc0=Projects/Board_PN/Applications/SensorDemo/readme.txt
STMicroelectronics.BlueNRG-MS.1.0.0.WirelessJjApplication.componentDoc1=Projects/Board_PN/Applications/Virtual_COM_Port/readme.txt
STMicroelectronics.BlueNRG-MS.1.0.0.WirelessJjApplication.description0=SensorDemo sample application
STMicroelectronics.BlueNRG-MS.1.0.0.WirelessJjApplication.description1=Virtual_COM_Port sample application
STMicroelectronics.BlueNRG-MS.1.0.0.WirelessJjApplication.diagnostic0=This component requires one or more component from the same SW pack to operate correctly
STMicroelectronics.BlueNRG-MS.1.0.0.WirelessJjApplication.diagnostic1=This component requires one or more component from the same SW pack to operate correctly
STMicroelectronics.BlueNRG-MS.1.0.0.WirelessJjApplication.documentation0=Documentation/STMicroelectronics.BlueNRG-MS_GettingStarted.pdf
STMicroelectronics.BlueNRG-MS.1.0.0.WirelessJjApplication.documentation1=Documentation/STMicroelectronics.BlueNRG-MS_GettingStarted.pdf
STMicroelectronics.BlueNRG-MS.1.0.0.WirelessJjApplication.group0=Application
STMicroelectronics.BlueNRG-MS.1.0.0.WirelessJjApplication.group1=Application
STMicroelectronics.BlueNRG-MS.1.0.0.WirelessJjApplication.paramName0=ApplicationCcWirelessJjApplication
STMicroelectronics.BlueNRG-MS.1.0.0.WirelessJjApplication.paramName1=ApplicationCcWirelessJjApplication
STMicroelectronics.BlueNRG-MS.1.0.0.WirelessJjApplication.sevirity0=minor
STMicroelectronics.BlueNRG-MS.1.0.0.WirelessJjApplication.sevirity1=minor
STMicroelectronics.BlueNRG-MS.1.0.0.WirelessJjApplication.variant0=SensorDemo
STMicroelectronics.BlueNRG-MS.1.0.0.WirelessJjApplication.variant1=VirtualCOMPort
STMicroelectronics.BlueNRG-MS.1.0.0.WirelessJjApplication_Checked=false
STMicroelectronics.BlueNRG-MS.1.0.0.WirelessJjApplication_apiSize=4
STMicroelectronics.BlueNRG-MS.1.0.0.WirelessJjApplication_class=Wireless
STMicroelectronics.BlueNRG-MS.1.0.0.WirelessJjApplication_name=BlueNRG-MS
STMicroelectronics.BlueNRG-MS.1.0.0.WirelessJjApplication_size=2
STMicroelectronics.BlueNRG-MS.1.0.0.WirelessJjApplication_vendor=STMicroelectronics
STMicroelectronics.BlueNRG-MS.1.0.0.WirelessJjApplication_version=1.0.0
STMicroelectronics.BlueNRG-MS.1.0.0_MwName0=Application
STMicroelectronics.BlueNRG-MS.1.0.0_NumberOfMw=1
STMicroelectronics.BlueNRG-MS.1.0.0_SwParameter=ApplicationCcWirelessJjApplication\:VirtualCOMPort;
STMicroelectronics.BlueNRG-MS.1.0.0_WirelessJjApplication_RteComponent0=\#define SENSOR_DEMO
STMicroelectronics.BlueNRG-MS.1.0.0_WirelessJjApplication_RteComponent1=\#define VIRTUAL_COM_PORT
STMicroelectronics.BlueNRG-MS.1.0.0_WirelessJjApplication_RteComponentsize=2
STMicroelectronics.BlueNRG-MS.1.0.0_WirelessJjBlueNRGAaMS_RteComponentsize=0
STMicroelectronics.BlueNRG-MS.1.0.0_description=BLE stack and sample applications for BlueNRG-MS module
STMicroelectronics.BlueNRG-MS.1.0.0_license=END_USER_LICENCE_AGREEMENT.pdf
TIM16.IPParameters=Prescaler,Period
TIM16.Period=100
TIM16.Prescaler=8000
TIM2.Channel-PWM\ Generation1\ CH1=TIM_CHANNEL_1
TIM2.IPParameters=Channel-PWM Generation1 CH1,Prescaler,Period
TIM2.Period=100
TIM2.Prescaler=8000
TIM6.IPParameters=Prescaler,Period
TIM6.Period=100
TIM6.Prescaler=8000
USB_DEVICE.CLASS_NAME_FS=CDC
USB_DEVICE.IPParameters=VirtualMode,VirtualModeFS,CLASS_NAME_FS
USB_DEVICE.VirtualMode=Cdc
USB_DEVICE.VirtualModeFS=Cdc_FS
VP_RNG_VS_RNG.Mode=RNG_Activate
VP_RNG_VS_RNG.Signal=RNG_VS_RNG
VP_SYS_VS_Systick.Mode=SysTick
VP_SYS_VS_Systick.Signal=SYS_VS_Systick
VP_TIM16_VS_ClockSourceINT.Mode=Enable_Timer
VP_TIM16_VS_ClockSourceINT.Signal=TIM16_VS_ClockSourceINT
VP_TIM6_VS_ClockSourceINT.Mode=Enable_Timer
VP_TIM6_VS_ClockSourceINT.Signal=TIM6_VS_ClockSourceINT
VP_USB_DEVICE_VS_USB_DEVICE_CDC_FS.Mode=CDC_FS
VP_USB_DEVICE_VS_USB_DEVICE_CDC_FS.Signal=USB_DEVICE_VS_USB_DEVICE_CDC_FS
board=RFE_MASTER
